lockfileVersion: '9.0'

settings:
  autoInstallPeers: true
  excludeLinksFromLockfile: false

importers:

  .:
    dependencies:
      pnpm:
        specifier: ^10.12.1
        version: 10.12.1

packages:

  pnpm@10.12.1:
    resolution: {integrity: sha512-8N2oWA8O6UgcXHmh2Se5Fk8sR46QmSrSaLuyRlpzaYQ5HWMz0sMnkTV4soBK8zR0ylVLopwEqLEwYKcXZ1rjrA==}
    engines: {node: '>=18.12'}
    hasBin: true

snapshots:

  pnpm@10.12.1: {}
